Microsoft Visual Studio Solution File, Format Version 12.00
# Visual Studio Version 17
VisualStudioVersion = 17.5.2.0
MinimumVisualStudioVersion = 10.0.40219.1
Project("{2150E333-8FDC-42A3-9474-1A3956D46DE8}") = "src", "src", "{827E0CD3-B72D-47B6-A68D-7590B98EB39B}"
EndProject
Project("{FAE04EC0-301F-11D3-BF4B-00C04F79EFBC}") = "DivergentEngine.Core", "src\DivergentEngine.Core\DivergentEngine.Core.csproj", "{C6791BB7-03AE-9F2A-DF72-3F4EE8EE3D6A}"
EndProject
Global
	GlobalSection(SolutionConfigurationPlatforms) = preSolution
		Debug|Any CPU = Debug|Any CPU
		Release|Any CPU = Release|Any CPU
	EndGlobalSection
	GlobalSection(ProjectConfigurationPlatforms) = postSolution
		{C6791BB7-03AE-9F2A-DF72-3F4EE8EE3D6A}.Debug|Any CPU.ActiveCfg = Debug|Any CPU
		{C6791BB7-03AE-9F2A-DF72-3F4EE8EE3D6A}.Debug|Any CPU.Build.0 = Debug|Any CPU
		{C6791BB7-03AE-9F2A-DF72-3F4EE8EE3D6A}.Release|Any CPU.ActiveCfg = Release|Any CPU
		{C6791BB7-03AE-9F2A-DF72-3F4EE8EE3D6A}.Release|Any CPU.Build.0 = Release|Any CPU
	EndGlobalSection
	GlobalSection(SolutionProperties) = preSolution
		HideSolutionNode = FALSE
	EndGlobalSection
	GlobalSection(NestedProjects) = preSolution
		{C6791BB7-03AE-9F2A-DF72-3F4EE8EE3D6A} = {827E0CD3-B72D-47B6-A68D-7590B98EB39B}
	EndGlobalSection
	GlobalSection(ExtensibilityGlobals) = postSolution
		SolutionGuid = {6A34D41C-97E7-4FED-92FA-7444DC340CC4}
	EndGlobalSection
EndGlobal
